
Microsoft Visual Studio Solution File, Format Version 12.00
# Visual Studio Version 16
VisualStudioVersion = 16.0.29806.167
MinimumVisualStudioVersion = 10.0.40219.1
Project("{FAE04EC0-301F-11D3-BF4B-00C04F79EFBC}") = "e-mock", "e-mock.csproj", "{F515CEF3-C5EC-4534-A7D6-2191E2B27806}"
EndProject
Global
	GlobalSection(SolutionConfigurationPlatforms) = preSolution
		Debug|Any CPU = Debug|Any CPU
		Release|Any CPU = Release|Any CPU
	EndGlobalSection
	GlobalSection(ProjectConfigurationPlatforms) = postSolution
		{F515CEF3-C5EC-4534-A7D6-2191E2B27806}.Debug|Any CPU.ActiveCfg = Debug|Any CPU
		{F515CEF3-C5EC-4534-A7D6-2191E2B27806}.Debug|Any CPU.Build.0 = Debug|Any CPU
		{F515CEF3-C5EC-4534-A7D6-2191E2B27806}.Release|Any CPU.ActiveCfg = Release|Any CPU
		{F515CEF3-C5EC-4534-A7D6-2191E2B27806}.Release|Any CPU.Build.0 = Release|Any CPU
	EndGlobalSection
	GlobalSection(SolutionProperties) = preSolution
		HideSolutionNode = FALSE
	EndGlobalSection
	GlobalSection(ExtensibilityGlobals) = postSolution
		SolutionGuid = {F4D548B1-A523-4708-BBC5-D528A0365002}
	EndGlobalSection
EndGlobal
